// !$*UTF8*$!
{
	archiveVersion = 1;
	classes = {
	};
	objectVersion = 48;
	objects = {

/* Begin PBXBuildFile section */
		45D6D93A2059874F003A6B24 /* AppDelegate.swift in Sources */ = {isa = PBXBuildFile; fileRef = 45D6D9392059874F003A6B24 /* AppDelegate.swift */; };
		45D6D93C2059874F003A6B24 /* ViewController.swift in Sources */ = {isa = PBXBuildFile; fileRef = 45D6D93B2059874F003A6B24 /* ViewController.swift */; };
		45D6D93F2059874F003A6B24 /* Main.storyboard in Resources */ = {isa = PBXBuildFile; fileRef = 45D6D93D2059874F003A6B24 /* Main.storyboard */; };
		45D6D9412059874F003A6B24 /* Assets.xcassets in Resources */ = {isa = PBXBuildFile; fileRef = 45D6D9402059874F003A6B24 /* Assets.xcassets */; };
		45D6D9442059874F003A6B24 /* LaunchScreen.storyboard in Resources */ = {isa = PBXBuildFile; fileRef = 45D6D9422059874F003A6B24 /* LaunchScreen.storyboard */; };
		45D6D94F2059874F003A6B24 /* FirstIOSTests.swift in Sources */ = {isa = PBXBuildFile; fileRef = 45D6D94E2059874F003A6B24 /* FirstIOSTests.swift */; };
		45D6D95A2059874F003A6B24 /* FirstIOSUITests.swift in Sources */ = {isa = PBXBuildFile; fileRef = 45D6D9592059874F003A6B24 /* FirstIOSUITests.swift */; };
/* End PBXBuildFile section */

/* Begin PBXContainerItemProxy section */
		45D6D94B2059874F003A6B24 /* PBXContainerItemProxy */ = {
			isa = PBXContainerItemProxy;
			containerPortal = 45D6D92E2059874F003A6B24 /* Project object */;
			proxyType = 1;
			remoteGlobalIDString = 45D6D9352059874F003A6B24;
			remoteInfo = FirstIOS;
		};
		45D6D9562059874F003A6B24 /* PBXContainerItemProxy */ = {
			isa = PBXContainerItemProxy;
			containerPortal = 45D6D92E2059874F003A6B24 /* Project object */;
			proxyType = 1;
			remoteGlobalIDString = 45D6D9352059874F003A6B24;
			remoteInfo = FirstIOS;
		};
/* End PBXContainerItemProxy section */

/* Begin PBXFileReference section */
		45D6D9362059874F003A6B24 /* FirstIOS.app */ = {isa = PBXFileReference; explicitFileType = wrapper.application; includeInIndex = 0; path = FirstIOS.app; sourceTree = BUILT_PRODUCTS_DIR; };
		45D6D9392059874F003A6B24 /* AppDelegate.swift */ = {isa = PBXFileReference; lastKnownFileType = sourcecode.swift; path = AppDelegate.swift; sourceTree = "<group>"; };
		45D6D93B2059874F003A6B24 /* ViewController.swift */ = {isa = PBXFileReference; lastKnownFileType = sourcecode.swift; path = ViewController.swift; sourceTree = "<group>"; };
		45D6D93E2059874F003A6B24 /* Base */ = {isa = PBXFileReference; lastKnownFileType = file.storyboard; name = Base; path = Base.lproj/Main.storyboard; sourceTree = "<group>"; };
		45D6D9402059874F003A6B24 /* Assets.xcassets */ = {isa = PBXFileReference; lastKnownFileType = folder.assetcatalog; path = Assets.xcassets; sourceTree = "<group>"; };
		45D6D9432059874F003A6B24 /* Base */ = {isa = PBXFileReference; lastKnownFileType = file.storyboard; name = Base; path = Base.lproj/LaunchScreen.storyboard; sourceTree = "<group>"; };
		45D6D9452059874F003A6B24 /* Info.plist */ = {isa = PBXFileReference; lastKnownFileType = text.plist.xml; path = Info.plist; sourceTree = "<group>"; };
		45D6D94A2059874F003A6B24 /* FirstIOSTests.xctest */ = {isa = PBXFileReference; explicitFileType = wrapper.cfbundle; includeInIndex = 0; path = FirstIOSTests.xctest; sourceTree = BUILT_PRODUCTS_DIR; };
		45D6D94E2059874F003A6B24 /* FirstIOSTests.swift */ = {isa = PBXFileReference; lastKnownFileType = sourcecode.swift; path = FirstIOSTests.swift; sourceTree = "<group>"; };
		45D6D9502059874F003A6B24 /* Info.plist */ = {isa = PBXFileReference; lastKnownFileType = text.plist.xml; path = Info.plist; sourceTree = "<group>"; };
		45D6D9552059874F003A6B24 /* FirstIOSUITests.xctest */ = {isa = PBXFileReference; explicitFileType = wrapper.cfbundle; includeInIndex = 0; path = FirstIOSUITests.xctest; sourceTree = BUILT_PRODUCTS_DIR; };
		45D6D9592059874F003A6B24 /* FirstIOSUITests.swift */ = {isa = PBXFileReference; lastKnownFileType = sourcecode.swift; path = FirstIOSUITests.swift; sourceTree = "<group>"; };
		45D6D95B2059874F003A6B24 /* Info.plist */ = {isa = PBXFileReference; lastKnownFileType = text.plist.xml; path = Info.plist; sourceTree = "<group>"; };
/* End PBXFileReference section */

/* Begin PBXFrameworksBuildPhase section */
		45D6D9332059874F003A6B24 /* Frameworks */ = {
			isa = PBXFrameworksBuildPhase;
			buildActionMask = 2147483647;
			files = (
			);
			runOnlyForDeploymentPostprocessing = 0;
		};
		45D6D9472059874F003A6B24 /* Frameworks */ = {
			isa = PBXFrameworksBuildPhase;
			buildActionMask = 2147483647;
			files = (
			);
			runOnlyForDeploymentPostprocessing = 0;
		};
		45D6D9522059874F003A6B24 /* Frameworks */ = {
			isa = PBXFrameworksBuildPhase;
			buildActionMask = 2147483647;
			files = (
			);
			runOnlyForDeploymentPostprocessing = 0;
		};
/* End PBXFrameworksBuildPhase section */

/* Begin PBXGroup section */
		45D6D92D2059874F003A6B24 = {
			isa = PBXGroup;
			children = (
				45D6D9382059874F003A6B24 /* FirstIOS */,
				45D6D94D2059874F003A6B24 /* FirstIOSTests */,
				45D6D9582059874F003A6B24 /* FirstIOSUITests */,
				45D6D9372059874F003A6B24 /* Products */,
			);
			sourceTree = "<group>";
		};
		45D6D9372059874F003A6B24 /* Products */ = {
			isa = PBXGroup;
			children = (
				45D6D9362059874F003A6B24 /* FirstIOS.app */,
				45D6D94A2059874F003A6B24 /* FirstIOSTests.xctest */,
				45D6D9552059874F003A6B24 /* FirstIOSUITests.xctest */,
			);
			name = Products;
			sourceTree = "<group>";
		};
		45D6D9382059874F003A6B24 /* FirstIOS */ = {
			isa = PBXGroup;
			children = (
				45D6D9392059874F003A6B24 /* AppDelegate.swift */,
				45D6D93B2059874F003A6B24 /* ViewController.swift */,
				45D6D93D2059874F003A6B24 /* Main.storyboard */,
				45D6D9402059874F003A6B24 /* Assets.xcassets */,
				45D6D9422059874F003A6B24 /* LaunchScreen.storyboard */,
				45D6D9452059874F003A6B24 /* Info.plist */,
			);
			path = FirstIOS;
			sourceTree = "<group>";
		};
		45D6D94D2059874F003A6B24 /* FirstIOSTests */ = {
			isa = PBXGroup;
			children = (
				45D6D94E2059874F003A6B24 /* FirstIOSTests.swift */,
				45D6D9502059874F003A6B24 /* Info.plist */,
			);
			path = FirstIOSTests;
			sourceTree = "<group>";
		};
		45D6D9582059874F003A6B24 /* FirstIOSUITests */ = {
			isa = PBXGroup;
			children = (
				45D6D9592059874F003A6B24 /* FirstIOSUITests.swift */,
				45D6D95B2059874F003A6B24 /* Info.plist */,
			);
			path = FirstIOSUITests;
			sourceTree = "<group>";
		};
/* End PBXGroup section */

/* Begin PBXNativeTarget section */
		45D6D9352059874F003A6B24 /* FirstIOS */ = {
			isa = PBXNativeTarget;
			buildConfigurationList = 45D6D95E2059874F003A6B24 /* Build configuration list for PBXNativeTarget "FirstIOS" */;
			buildPhases = (
				45D6D9322059874F003A6B24 /* Sources */,
				45D6D9332059874F003A6B24 /* Frameworks */,
				45D6D9342059874F003A6B24 /* Resources */,
			);
			buildRules = (
			);
			dependencies = (
			);
			name = FirstIOS;
			productName = FirstIOS;
			productReference = 45D6D9362059874F003A6B24 /* FirstIOS.app */;
			productType = "com.apple.product-type.application";
		};
		45D6D9492059874F003A6B24 /* FirstIOSTests */ = {
			isa = PBXNativeTarget;
			buildConfigurationList = 45D6D9612059874F003A6B24 /* Build configuration list for PBXNativeTarget "FirstIOSTests" */;
			buildPhases = (
				45D6D9462059874F003A6B24 /* Sources */,
				45D6D9472059874F003A6B24 /* Frameworks */,
				45D6D9482059874F003A6B24 /* Resources */,
			);
			buildRules = (
			);
			dependencies = (
				45D6D94C2059874F003A6B24 /* PBXTargetDependency */,
			);
			name = FirstIOSTests;
			productName = FirstIOSTests;
			productReference = 45D6D94A2059874F003A6B24 /* FirstIOSTests.xctest */;
			productType = "com.apple.product-type.bundle.unit-test";
		};
		45D6D9542059874F003A6B24 /* FirstIOSUITests */ = {
			isa = PBXNativeTarget;
			buildConfigurationList = 45D6D9642059874F003A6B24 /* Build configuration list for PBXNativeTarget "FirstIOSUITests" */;
			buildPhases = (
				45D6D9512059874F003A6B24 /* Sources */,
				45D6D9522059874F003A6B24 /* Frameworks */,
				45D6D9532059874F003A6B24 /* Resources */,
			);
			buildRules = (
			);
			dependencies = (
				45D6D9572059874F003A6B24 /* PBXTargetDependency */,
			);
			name = FirstIOSUITests;
			productName = FirstIOSUITests;
			productReference = 45D6D9552059874F003A6B24 /* FirstIOSUITests.xctest */;
			productType = "com.apple.product-type.bundle.ui-testing";
		};
/* End PBXNativeTarget section */

/* Begin PBXProject section */
		45D6D92E2059874F003A6B24 /* Project object */ = {
			isa = PBXProject;
			attributes = {
				LastSwiftUpdateCheck = 0920;
				LastUpgradeCheck = 0920;
				ORGANIZATIONNAME = Tom;
				TargetAttributes = {
					45D6D9352059874F003A6B24 = {
						CreatedOnToolsVersion = 9.2;
						ProvisioningStyle = Automatic;
					};
					45D6D9492059874F003A6B24 = {
						CreatedOnToolsVersion = 9.2;
						ProvisioningStyle = Automatic;
						TestTargetID = 45D6D9352059874F003A6B24;
					};
					45D6D9542059874F003A6B24 = {
						CreatedOnToolsVersion = 9.2;
						ProvisioningStyle = Automatic;
						TestTargetID = 45D6D9352059874F003A6B24;
					};
				};
			};
			buildConfigurationList = 45D6D9312059874F003A6B24 /* Build configuration list for PBXProject "FirstIOS" */;
			compatibilityVersion = "Xcode 8.0";
			developmentRegion = en;
			hasScannedForEncodings = 0;
			knownRegions = (
				en,
				Base,
			);
			mainGroup = 45D6D92D2059874F003A6B24;
			productRefGroup = 45D6D9372059874F003A6B24 /* Products */;
			projectDirPath = "";
			projectRoot = "";
			targets = (
				45D6D9352059874F003A6B24 /* FirstIOS */,
				45D6D9492059874F003A6B24 /* FirstIOSTests */,
				45D6D9542059874F003A6B24 /* FirstIOSUITests */,
			);
		};
/* End PBXProject section */

/* Begin PBXResourcesBuildPhase section */
		45D6D9342059874F003A6B24 /* Resources */ = {
			isa = PBXResourcesBuildPhase;
			buildActionMask = 2147483647;
			files = (
				45D6D9442059874F003A6B24 /* LaunchScreen.storyboard in Resources */,
				45D6D9412059874F003A6B24 /* Assets.xcassets in Resources */,
				45D6D93F2059874F003A6B24 /* Main.storyboard in Resources */,
			);
			runOnlyForDeploymentPostprocessing = 0;
		};
		45D6D9482059874F003A6B24 /* Resources */ = {
			isa = PBXResourcesBuildPhase;
			buildActionMask = 2147483647;
			files = (
			);
			runOnlyForDeploymentPostprocessing = 0;
		};
		45D6D9532059874F003A6B24 /* Resources */ = {
			isa = PBXResourcesBuildPhase;
			buildActionMask = 2147483647;
			files = (
			);
			runOnlyForDeploymentPostprocessing = 0;
		};
/* End PBXResourcesBuildPhase section */

/* Begin PBXSourcesBuildPhase section */
		45D6D9322059874F003A6B24 /* Sources */ = {
			isa = PBXSourcesBuildPhase;
			buildActionMask = 2147483647;
			files = (
				45D6D93C2059874F003A6B24 /* ViewController.swift in Sources */,
				45D6D93A2059874F003A6B24 /* AppDelegate.swift in Sources */,
			);
			runOnlyForDeploymentPostprocessing = 0;
		};
		45D6D9462059874F003A6B24 /* Sources */ = {
			isa = PBXSourcesBuildPhase;
			buildActionMask = 2147483647;
			files = (
				45D6D94F2059874F003A6B24 /* FirstIOSTests.swift in Sources */,
			);
			runOnlyForDeploymentPostprocessing = 0;
		};
		45D6D9512059874F003A6B24 /* Sources */ = {
			isa = PBXSourcesBuildPhase;
			buildActionMask = 2147483647;
			files = (
				45D6D95A2059874F003A6B24 /* FirstIOSUITests.swift in Sources */,
			);
			runOnlyForDeploymentPostprocessing = 0;
		};
/* End PBXSourcesBuildPhase section */

/* Begin PBXTargetDependency section */
		45D6D94C2059874F003A6B24 /* PBXTargetDependency */ = {
			isa = PBXTargetDependency;
			target = 45D6D9352059874F003A6B24 /* FirstIOS */;
			targetProxy = 45D6D94B2059874F003A6B24 /* PBXContainerItemProxy */;
		};
		45D6D9572059874F003A6B24 /* PBXTargetDependency */ = {
			isa = PBXTargetDependency;
			target = 45D6D9352059874F003A6B24 /* FirstIOS */;
			targetProxy = 45D6D9562059874F003A6B24 /* PBXContainerItemProxy */;
		};
/* End PBXTargetDependency section */

/* Begin PBXVariantGroup section */
		45D6D93D2059874F003A6B24 /* Main.storyboard */ = {
			isa = PBXVariantGroup;
			children = (
				45D6D93E2059874F003A6B24 /* Base */,
			);
			name = Main.storyboard;
			sourceTree = "<group>";
		};
		45D6D9422059874F003A6B24 /* LaunchScreen.storyboard */ = {
			isa = PBXVariantGroup;
			children = (
				45D6D9432059874F003A6B24 /* Base */,
			);
			name = LaunchScreen.storyboard;
			sourceTree = "<group>";
		};
/* End PBXVariantGroup section */

/* Begin XCBuildConfiguration section */
		45D6D95C2059874F003A6B24 /* Debug */ = {
			isa = XCBuildConfiguration;
			buildSettings = {
				ALWAYS_SEARCH_USER_PATHS = NO;
				CLANG_ANALYZER_NONNULL = YES;
				CLANG_ANALYZER_NUMBER_OBJECT_CONVERSION = YES_AGGRESSIVE;
				CLANG_CXX_LANGUAGE_STANDARD = "gnu++14";
				CLANG_CXX_LIBRARY = "libc++";
				CLANG_ENABLE_MODULES = YES;
				CLANG_ENABLE_OBJC_ARC = YES;
				CLANG_WARN_BLOCK_CAPTURE_AUTORELEASING = YES;
				CLANG_WARN_BOOL_CONVERSION = YES;
				CLANG_WARN_COMMA = YES;
				CLANG_WARN_CONSTANT_CONVERSION = YES;
				CLANG_WARN_DIRECT_OBJC_ISA_USAGE = YES_ERROR;
				CLANG_WARN_DOCUMENTATION_COMMENTS = YES;
				CLANG_WARN_EMPTY_BODY = YES;
				CLANG_WARN_ENUM_CONVERSION = YES;
				CLANG_WARN_INFINITE_RECURSION = YES;
				CLANG_WARN_INT_CONVERSION = YES;
				CLANG_WARN_NON_LITERAL_NULL_CONVERSION = YES;
				CLANG_WARN_OBJC_LITERAL_CONVERSION = YES;
				CLANG_WARN_OBJC_ROOT_CLASS = YES_ERROR;
				CLANG_WARN_RANGE_LOOP_ANALYSIS = YES;
				CLANG_WARN_STRICT_PROTOTYPES = YES;
				CLANG_WARN_SUSPICIOUS_MOVE = YES;
				CLANG_WARN_UNGUARDED_AVAILABILITY = YES_AGGRESSIVE;
				CLANG_WARN_UNREACHABLE_CODE = YES;
				CLANG_WARN__DUPLICATE_METHOD_MATCH = YES;
				CODE_SIGN_IDENTITY = "iPhone Developer";
				COPY_PHASE_STRIP = NO;
				DEBUG_INFORMATION_FORMAT = dwarf;
				ENABLE_STRICT_OBJC_MSGSEND = YES;
				ENABLE_TESTABILITY = YES;
				GCC_C_LANGUAGE_STANDARD = gnu11;
				GCC_DYNAMIC_NO_PIC = NO;
				GCC_NO_COMMON_BLOCKS = YES;
				GCC_OPTIMIZATION_LEVEL = 0;
				GCC_PREPROCESSOR_DEFINITIONS = (
					"DEBUG=1",
					"$(inherited)",
				);
				GCC_WARN_64_TO_32_BIT_CONVERSION = YES;
				GCC_WARN_ABOUT_RETURN_TYPE = YES_ERROR;
				GCC_WARN_UNDECLARED_SELECTOR = YES;
				GCC_WARN_UNINITIALIZED_AUTOS = YES_AGGRESSIVE;
				GCC_WARN_UNUSED_FUNCTION = YES;
				GCC_WARN_UNUSED_VARIABLE = YES;
				IPHONEOS_DEPLOYMENT_TARGET = 11.2;
				MTL_ENABLE_DEBUG_INFO = YES;
				ONLY_ACTIVE_ARCH = YES;
				SDKROOT = iphoneos;
				SWIFT_ACTIVE_COMPILATION_CONDITIONS = DEBUG;
				SWIFT_OPTIMIZATION_LEVEL = "-Onone";
			};
			name = Debug;
		};
		45D6D95D2059874F003A6B24 /* Release */ = {
			isa = XCBuildConfiguration;
			buildSettings = {
				ALWAYS_SEARCH_USER_PATHS = NO;
				CLANG_ANALYZER_NONNULL = YES;
				CLANG_ANALYZER_NUMBER_OBJECT_CONVERSION = YES_AGGRESSIVE;
				CLANG_CXX_LANGUAGE_STANDARD = "gnu++14";
				CLANG_CXX_LIBRARY = "libc++";
				CLANG_ENABLE_MODULES = YES;
				CLANG_ENABLE_OBJC_ARC = YES;
				CLANG_WARN_BLOCK_CAPTURE_AUTORELEASING = YES;
				CLANG_WARN_BOOL_CONVERSION = YES;
				CLANG_WARN_COMMA = YES;
				CLANG_WARN_CONSTANT_CONVERSION = YES;
				CLANG_WARN_DIRECT_OBJC_ISA_USAGE = YES_ERROR;
				CLANG_WARN_DOCUMENTATION_COMMENTS = YES;
				CLANG_WARN_EMPTY_BODY = YES;
				CLANG_WARN_ENUM_CONVERSION = YES;
				CLANG_WARN_INFINITE_RECURSION = YES;
				CLANG_WARN_INT_CONVERSION = YES;
				CLANG_WARN_NON_LITERAL_NULL_CONVERSION = YES;
				CLANG_WARN_OBJC_LITERAL_CONVERSION = YES;
				CLANG_WARN_OBJC_ROOT_CLASS = YES_ERROR;
				CLANG_WARN_RANGE_LOOP_ANALYSIS = YES;
				CLANG_WARN_STRICT_PROTOTYPES = YES;
				CLANG_WARN_SUSPICIOUS_MOVE = YES;
				CLANG_WARN_UNGUARDED_AVAILABILITY = YES_AGGRESSIVE;
				CLANG_WARN_UNREACHABLE_CODE = YES;
				CLANG_WARN__DUPLICATE_METHOD_MATCH = YES;
				CODE_SIGN_IDENTITY = "iPhone Developer";
				COPY_PHASE_STRIP = NO;
				DEBUG_INFORMATION_FORMAT = "dwarf-with-dsym";
				ENABLE_NS_ASSERTIONS = NO;
				ENABLE_STRICT_OBJC_MSGSEND = YES;
				GCC_C_LANGUAGE_STANDARD = gnu11;
				GCC_NO_COMMON_BLOCKS = YES;
				GCC_WARN_64_TO_32_BIT_CONVERSION = YES;
				GCC_WARN_ABOUT_RETURN_TYPE = YES_ERROR;
				GCC_WARN_UNDECLARED_SELECTOR = YES;
				GCC_WARN_UNINITIALIZED_AUTOS = YES_AGGRESSIVE;
				GCC_WARN_UNUSED_FUNCTION = YES;
				GCC_WARN_UNUSED_VARIABLE = YES;
				IPHONEOS_DEPLOYMENT_TARGET = 11.2;
				MTL_ENABLE_DEBUG_INFO = NO;
				SDKROOT = iphoneos;
				SWIFT_OPTIMIZATION_LEVEL = "-Owholemodule";
				VALIDATE_PRODUCT = YES;
			};
			name = Release;
		};
		45D6D95F2059874F003A6B24 /* Debug */ = {
			isa = XCBuildConfiguration;
			buildSettings = {
				ASSETCATALOG_COMPILER_APPICON_NAME = AppIcon;
				CODE_SIGN_STYLE = Automatic;
				DEVELOPMENT_TEAM = D8L73HK4FT;
				INFOPLIST_FILE = FirstIOS/Info.plist;
				LD_RUNPATH_SEARCH_PATHS = "$(inherited) @executable_path/Frameworks";
				PRODUCT_BUNDLE_IDENTIFIER = com.Tom.FirstIOS;
				PRODUCT_NAME = "$(TARGET_NAME)";
				SWIFT_VERSION = 4.0;
				TARGETED_DEVICE_FAMILY = "1,2";
			};
			name = Debug;
		};
		45D6D9602059874F003A6B24 /* Release */ = {
			isa = XCBuildConfiguration;
			buildSettings = {
				ASSETCATALOG_COMPILER_APPICON_NAME = AppIcon;
				CODE_SIGN_STYLE = Automatic;
				DEVELOPMENT_TEAM = D8L73HK4FT;
				INFOPLIST_FILE = FirstIOS/Info.plist;
				LD_RUNPATH_SEARCH_PATHS = "$(inherited) @executable_path/Frameworks";
				PRODUCT_BUNDLE_IDENTIFIER = com.Tom.FirstIOS;
				PRODUCT_NAME = "$(TARGET_NAME)";
				SWIFT_VERSION = 4.0;
				TARGETED_DEVICE_FAMILY = "1,2";
			};
			name = Release;
		};
		45D6D9622059874F003A6B24 /* Debug */ = {
			isa = XCBuildConfiguration;
			buildSettings = {
				ALWAYS_EMBED_SWIFT_STANDARD_LIBRARIES = YES;
				BUNDLE_LOADER = "$(TEST_HOST)";
				CODE_SIGN_STYLE = Automatic;
				DEVELOPMENT_TEAM = D8L73HK4FT;
				INFOPLIST_FILE = FirstIOSTests/Info.plist;
				LD_RUNPATH_SEARCH_PATHS = "$(inherited) @executable_path/Frameworks @loader_path/Frameworks";
				PRODUCT_BUNDLE_IDENTIFIER = com.Tom.FirstIOSTests;
				PRODUCT_NAME = "$(TARGET_NAME)";
				SWIFT_VERSION = 4.0;
				TARGETED_DEVICE_FAMILY = "1,2";
				TEST_HOST = "$(BUILT_PRODUCTS_DIR)/FirstIOS.app/FirstIOS";
			};
			name = Debug;
		};
		45D6D9632059874F003A6B24 /* Release */ = {
			isa = XCBuildConfiguration;
			buildSettings = {
				ALWAYS_EMBED_SWIFT_STANDARD_LIBRARIES = YES;
				BUNDLE_LOADER = "$(TEST_HOST)";
				CODE_SIGN_STYLE = Automatic;
				DEVELOPMENT_TEAM = D8L73HK4FT;
				INFOPLIST_FILE = FirstIOSTests/Info.plist;
				LD_RUNPATH_SEARCH_PATHS = "$(inherited) @executable_path/Frameworks @loader_path/Frameworks";
				PRODUCT_BUNDLE_IDENTIFIER = com.Tom.FirstIOSTests;
				PRODUCT_NAME = "$(TARGET_NAME)";
				SWIFT_VERSION = 4.0;
				TARGETED_DEVICE_FAMILY = "1,2";
				TEST_HOST = "$(BUILT_PRODUCTS_DIR)/FirstIOS.app/FirstIOS";
			};
			name = Release;
		};
		45D6D9652059874F003A6B24 /* Debug */ = {
			isa = XCBuildConfiguration;
			buildSettings = {
				ALWAYS_EMBED_SWIFT_STANDARD_LIBRARIES = YES;
				CODE_SIGN_STYLE = Automatic;
				DEVELOPMENT_TEAM = D8L73HK4FT;
				INFOPLIST_FILE = FirstIOSUITests/Info.plist;
				LD_RUNPATH_SEARCH_PATHS = "$(inherited) @executable_path/Frameworks @loader_path/Frameworks";
				PRODUCT_BUNDLE_IDENTIFIER = com.Tom.FirstIOSUITests;
				PRODUCT_NAME = "$(TARGET_NAME)";
				SWIFT_VERSION = 4.0;
				TARGETED_DEVICE_FAMILY = "1,2";
				TEST_TARGET_NAME = FirstIOS;
			};
			name = Debug;
		};
		45D6D9662059874F003A6B24 /* Release */ = {
			isa = XCBuildConfiguration;
			buildSettings = {
				ALWAYS_EMBED_SWIFT_STANDARD_LIBRARIES = YES;
				CODE_SIGN_STYLE = Automatic;
				DEVELOPMENT_TEAM = D8L73HK4FT;
				INFOPLIST_FILE = FirstIOSUITests/Info.plist;
				LD_RUNPATH_SEARCH_PATHS = "$(inherited) @executable_path/Frameworks @loader_path/Frameworks";
				PRODUCT_BUNDLE_IDENTIFIER = com.Tom.FirstIOSUITests;
				PRODUCT_NAME = "$(TARGET_NAME)";
				SWIFT_VERSION = 4.0;
				TARGETED_DEVICE_FAMILY = "1,2";
				TEST_TARGET_NAME = FirstIOS;
			};
			name = Release;
		};
/* End XCBuildConfiguration section */

/* Begin XCConfigurationList section */
		45D6D9312059874F003A6B24 /* Build configuration list for PBXProject "FirstIOS" */ = {
			isa = XCConfigurationList;
			buildConfigurations = (
				45D6D95C2059874F003A6B24 /* Debug */,
				45D6D95D2059874F003A6B24 /* Release */,
			);
			defaultConfigurationIsVisible = 0;
			defaultConfigurationName = Release;
		};
		45D6D95E2059874F003A6B24 /* Build configuration list for PBXNativeTarget "FirstIOS" */ = {
			isa = XCConfigurationList;
			buildConfigurations = (
				45D6D95F2059874F003A6B24 /* Debug */,
				45D6D9602059874F003A6B24 /* Release */,
			);
			defaultConfigurationIsVisible = 0;
			defaultConfigurationName = Release;
		};
		45D6D9612059874F003A6B24 /* Build configuration list for PBXNativeTarget "FirstIOSTests" */ = {
			isa = XCConfigurationList;
			buildConfigurations = (
				45D6D9622059874F003A6B24 /* Debug */,
				45D6D9632059874F003A6B24 /* Release */,
			);
			defaultConfigurationIsVisible = 0;
			defaultConfigurationName = Release;
		};
		45D6D9642059874F003A6B24 /* Build configuration list for PBXNativeTarget "FirstIOSUITests" */ = {
			isa = XCConfigurationList;
			buildConfigurations = (
				45D6D9652059874F003A6B24 /* Debug */,
				45D6D9662059874F003A6B24 /* Release */,
			);
			defaultConfigurationIsVisible = 0;
			defaultConfigurationName = Release;
		};
/* End XCConfigurationList section */
	};
	rootObject = 45D6D92E2059874F003A6B24 /* Project object */;
}
